
Microsoft Visual Studio Solution File, Format Version 12.00
# Visual Studio Version 16
VisualStudioVersion = 16.0.29920.165
MinimumVisualStudioVersion = 10.0.40219.1
Project("{8BC9CEB8-8B4A-11D0-8D11-00A0C91BC942}") = "test", "test\test.vcxproj", "{6EA3A072-F4AD-467D-81F0-3A25095046AC}"
EndProject
Project("{2150E333-8FDC-42A3-9474-1A3956D46DE8}") = "Solution Items", "Solution Items", "{6FD761F3-B801-4B2E-A672-5296F6C35A7B}"
	ProjectSection(SolutionItems) = preProject
		.editorconfig = .editorconfig
	EndProjectSection
EndProject
Project("{8BC9CEB8-8B4A-11D0-8D11-00A0C91BC942}") = "include", "include\include.vcxproj", "{416D9709-5404-46F6-954E-6BDC7FA93465}"
EndProject
Global
	GlobalSection(SolutionConfigurationPlatforms) = preSolution
		Debug|x64 = Debug|x64
		Debug|x86 = Debug|x86
		Release|x64 = Release|x64
		Release|x86 = Release|x86
	EndGlobalSection
	GlobalSection(ProjectConfigurationPlatforms) = postSolution
		{6EA3A072-F4AD-467D-81F0-3A25095046AC}.Debug|x64.ActiveCfg = Debug|x64
		{6EA3A072-F4AD-467D-81F0-3A25095046AC}.Debug|x64.Build.0 = Debug|x64
		{6EA3A072-F4AD-467D-81F0-3A25095046AC}.Debug|x86.ActiveCfg = Debug|Win32
		{6EA3A072-F4AD-467D-81F0-3A25095046AC}.Debug|x86.Build.0 = Debug|Win32
		{6EA3A072-F4AD-467D-81F0-3A25095046AC}.Release|x64.ActiveCfg = Release|x64
		{6EA3A072-F4AD-467D-81F0-3A25095046AC}.Release|x64.Build.0 = Release|x64
		{6EA3A072-F4AD-467D-81F0-3A25095046AC}.Release|x86.ActiveCfg = Release|Win32
		{6EA3A072-F4AD-467D-81F0-3A25095046AC}.Release|x86.Build.0 = Release|Win32
		{416D9709-5404-46F6-954E-6BDC7FA93465}.Debug|x64.ActiveCfg = Debug|x64
		{416D9709-5404-46F6-954E-6BDC7FA93465}.Debug|x64.Build.0 = Debug|x64
		{416D9709-5404-46F6-954E-6BDC7FA93465}.Debug|x86.ActiveCfg = Debug|Win32
		{416D9709-5404-46F6-954E-6BDC7FA93465}.Debug|x86.Build.0 = Debug|Win32
		{416D9709-5404-46F6-954E-6BDC7FA93465}.Release|x64.ActiveCfg = Release|x64
		{416D9709-5404-46F6-954E-6BDC7FA93465}.Release|x64.Build.0 = Release|x64
		{416D9709-5404-46F6-954E-6BDC7FA93465}.Release|x86.ActiveCfg = Release|Win32
		{416D9709-5404-46F6-954E-6BDC7FA93465}.Release|x86.Build.0 = Release|Win32
	EndGlobalSection
	GlobalSection(SolutionProperties) = preSolution
		HideSolutionNode = FALSE
	EndGlobalSection
	GlobalSection(ExtensibilityGlobals) = postSolution
		SolutionGuid = {2290AEC9-3C68-499B-9544-FB5C5EFAD39C}
	EndGlobalSection
EndGlobal
